
Microsoft Visual Studio Solution File, Format Version 12.00
# Visual Studio 14
VisualStudioVersion = 14.0.25420.1
MinimumVisualStudioVersion = 10.0.40219.1
Project("{FAE04EC0-301F-11D3-BF4B-00C04F79EFBC}") = "CardTerminalLibrary", "CardTerminalLibrary\CardTerminalLibrary.csproj", "{9E899822-A4D4-47D4-9DAA-9E8279F2201E}"
EndProject
Project("{FAE04EC0-301F-11D3-BF4B-00C04F79EFBC}") = "CardTerminals.Tests", "CardTerminals.Tests\CardTerminals.Tests.csproj", "{2DF3420F-F597-4B98-AA20-3A0FC81F51D0}"
EndProject
Global
	GlobalSection(SolutionConfigurationPlatforms) = preSolution
		Debug|Any CPU = Debug|Any CPU
		MDebug|Any CPU = MDebug|Any CPU
		Release|Any CPU = Release|Any CPU
	EndGlobalSection
	GlobalSection(ProjectConfigurationPlatforms) = postSolution
		{9E899822-A4D4-47D4-9DAA-9E8279F2201E}.Debug|Any CPU.ActiveCfg = Debug|Any CPU
		{9E899822-A4D4-47D4-9DAA-9E8279F2201E}.Debug|Any CPU.Build.0 = Debug|Any CPU
		{9E899822-A4D4-47D4-9DAA-9E8279F2201E}.MDebug|Any CPU.ActiveCfg = Debug|Any CPU
		{9E899822-A4D4-47D4-9DAA-9E8279F2201E}.MDebug|Any CPU.Build.0 = Debug|Any CPU
		{9E899822-A4D4-47D4-9DAA-9E8279F2201E}.Release|Any CPU.ActiveCfg = Release|Any CPU
		{9E899822-A4D4-47D4-9DAA-9E8279F2201E}.Release|Any CPU.Build.0 = Release|Any CPU
		{2DF3420F-F597-4B98-AA20-3A0FC81F51D0}.Debug|Any CPU.ActiveCfg = Debug|Any CPU
		{2DF3420F-F597-4B98-AA20-3A0FC81F51D0}.Debug|Any CPU.Build.0 = Debug|Any CPU
		{2DF3420F-F597-4B98-AA20-3A0FC81F51D0}.MDebug|Any CPU.ActiveCfg = Debug|Any CPU
		{2DF3420F-F597-4B98-AA20-3A0FC81F51D0}.MDebug|Any CPU.Build.0 = Debug|Any CPU
		{2DF3420F-F597-4B98-AA20-3A0FC81F51D0}.Release|Any CPU.ActiveCfg = Release|Any CPU
		{2DF3420F-F597-4B98-AA20-3A0FC81F51D0}.Release|Any CPU.Build.0 = Release|Any CPU
	EndGlobalSection
	GlobalSection(SolutionProperties) = preSolution
		HideSolutionNode = FALSE
	EndGlobalSection
EndGlobal
